
Microsoft Visual Studio Solution File, Format Version 12.00
# Visual Studio 15
VisualStudioVersion = 15.0.27004.2002
MinimumVisualStudioVersion = 10.0.40219.1
Project("{FAE04EC0-301F-11D3-BF4B-00C04F79EFBC}") = "Athena", "Athena\Athena.csproj", "{2D3014EB-3C49-4E08-9B2D-C7784AF95D65}"
EndProject
Global
	GlobalSection(SolutionConfigurationPlatforms) = preSolution
		Debug|Any CPU = Debug|Any CPU
		Release|Any CPU = Release|Any CPU
	EndGlobalSection
	GlobalSection(ProjectConfigurationPlatforms) = postSolution
		{2D3014EB-3C49-4E08-9B2D-C7784AF95D65}.Debug|Any CPU.ActiveCfg = Debug|Any CPU
		{2D3014EB-3C49-4E08-9B2D-C7784AF95D65}.Debug|Any CPU.Build.0 = Debug|Any CPU
		{2D3014EB-3C49-4E08-9B2D-C7784AF95D65}.Release|Any CPU.ActiveCfg = Release|Any CPU
		{2D3014EB-3C49-4E08-9B2D-C7784AF95D65}.Release|Any CPU.Build.0 = Release|Any CPU
	EndGlobalSection
	GlobalSection(SolutionProperties) = preSolution
		HideSolutionNode = FALSE
	EndGlobalSection
	GlobalSection(ExtensibilityGlobals) = postSolution
		SolutionGuid = {7F4C5175-8571-440B-ACD0-A32752C824A5}
	EndGlobalSection
EndGlobal
